<?xml version="1.0" encoding="utf-8"?>
<Project ToolsVersion="4.0" xmlns="http://schemas.microsoft.com/developer/msbuild/2003">
  <ItemGroup>
    <Filter Include="Source Files">
      <UniqueIdentifier>{4FC737F1-C7A5-4376-A066-2A32D752A2FF}</UniqueIdentifier>
      <Extensions>cpp;c;cc;cxx;c++;cppm;ixx;def;odl;idl;hpj;bat;asm;asmx</Extensions>
    </Filter>
    <Filter Include="Header Files">
      <UniqueIdentifier>{93995380-89BD-4b04-88EB-625FBE52EBFB}</UniqueIdentifier>
      <Extensions>h;hh;hpp;hxx;h++;hm;inl;inc;ipp;xsd</Extensions>
    </Filter>
    <Filter Include="Resource Files">
      <UniqueIdentifier>{67DA6AB6-F800-4c08-8B7A-83BB121AAD01}</UniqueIdentifier>
      <Extensions>rc;ico;cur;bmp;dlg;rc2;rct;bin;rgs;gif;jpg;jpeg;jpe;resx;tiff;tif;png;wav;mfcribbon-ms</Extensions>
    </Filter>
  </ItemGroup>
  <ItemGroup>
    <ClCompile Include="main.cpp">
      <Filter>Source Files</Filter>
    </ClCompile>
  </ItemGroup>
  <ItemGroup>
    <ClInclude Include="gltf\parser.h">
      <Filter>Header Files</Filter>
    </ClInclude>
    <ClInclude Include="app\app.h">
      <Filter>Header Files</Filter>
    </ClInclude>
  </ItemGroup>
  <ItemGroup>
    <None Include="shader\compileHDRIToCubemap.bat">
      <Filter>Source Files</Filter>
    </None>
    <None Include="shader\copy.bat">
      <Filter>Source Files</Filter>
    </None>
    <None Include="shader\cubemap\compile.bat">
      <Filter>Source Files</Filter>
    </None>
    <None Include="shader\cubemap\cube.vert.spv" />
    <None Include="shader\cubemap\cubemap.frag" />
    <None Include="shader\cubemap\cubemap.frag.spv" />
    <None Include="shader\cubemap\cubemap.vert" />
    <None Include="shader\make-cubemap\compile.bat">
      <Filter>Source Files</Filter>
    </None>
    <None Include="shader\make-cubemap\cube.frag.spv" />
    <None Include="shader\make-cubemap\cubemap.vert.spv" />
    <None Include="shader\make-cubemap\hdriToCubemap.frag" />
    <None Include="shader\make-cubemap\hdriToCubemap.vert" />
    <None Include="shader\make-diffuse\compile.bat">
      <Filter>Source Files</Filter>
    </None>
    <None Include="shader\make-diffuse\diffuse.frag.spv" />
    <None Include="shader\make-diffuse\diffuse.vert.spv" />
    <None Include="shader\make-diffuse\normalCubemapToDiffuse.frag" />
    <None Include="shader\make-diffuse\normalCubemapToDiffuse.vert" />
    <None Include="shader\pbr\compile.bat">
      <Filter>Source Files</Filter>
    </None>
    <None Include="shader\pbr\frag.spv" />
    <None Include="shader\pbr\shader.frag" />
    <None Include="shader\pbr\shader.vert" />
    <None Include="shader\pbr\vert.spv" />
    <None Include="shader\make-prefiltermap\make-prefilter.vert" />
    <None Include="shader\make-prefiltermap\make-prefilter.frag" />
    <None Include="shader\make-prefiltermap\compile.bat">
      <Filter>Source Files</Filter>
    </None>
    <None Include="shader\make-prefiltermap\prefilter.vert.spv" />
    <None Include="shader\make-prefiltermap\prefilter.frag.spv" />
    <None Include="shader\make-brdf\generateBRDFLUT.vert" />
    <None Include="shader\make-brdf\generateBRDFLUT.frag" />
    <None Include="shader\make-brdf\compile.bat">
      <Filter>Source Files</Filter>
    </None>
    <None Include="shader\pbr\shader-no-tangents.vert" />
    <None Include="shader\pbr\shader-no-tangents.frag" />
  </ItemGroup>
</Project>